Microsoft Visual Studio Solution File, Format Version 12.00
# Visual Studio Version 16
VisualStudioVersion = 16.0.30114.105
MinimumVisualStudioVersion = 10.0.40219.1
Project("{2150E333-8FDC-42A3-9474-1A3956D46DE8}") = "src", "src", "{D07C3359-783C-47E7-B84D-D8DB6B2E8206}"
EndProject
Project("{F2A71F9B-5D33-465A-A702-920D77279786}") = "Koyomi.FSharp", "src\Koyomi.FSharp.fsproj", "{3EBFB5C6-F43C-4E8A-A4C8-147808394D6E}"
EndProject
Project("{2150E333-8FDC-42A3-9474-1A3956D46DE8}") = "tests", "tests", "{19D82566-B97D-4593-9F3D-4B5F32920317}"
EndProject
Project("{F2A71F9B-5D33-465A-A702-920D77279786}") = "Koyomi.FSharp.Tests", "tests\Koyomi.FSharp.Tests.fsproj", "{88F9FDF5-C749-471A-84AC-355AD4378777}"
EndProject
Global
	GlobalSection(SolutionConfigurationPlatforms) = preSolution
		Debug|Any CPU = Debug|Any CPU
		Release|Any CPU = Release|Any CPU
	EndGlobalSection
	GlobalSection(SolutionProperties) = preSolution
		HideSolutionNode = FALSE
	EndGlobalSection
	GlobalSection(ProjectConfigurationPlatforms) = postSolution
		{3EBFB5C6-F43C-4E8A-A4C8-147808394D6E}.Debug|Any CPU.ActiveCfg = Debug|Any CPU
		{3EBFB5C6-F43C-4E8A-A4C8-147808394D6E}.Debug|Any CPU.Build.0 = Debug|Any CPU
		{3EBFB5C6-F43C-4E8A-A4C8-147808394D6E}.Release|Any CPU.ActiveCfg = Release|Any CPU
		{3EBFB5C6-F43C-4E8A-A4C8-147808394D6E}.Release|Any CPU.Build.0 = Release|Any CPU
		{88F9FDF5-C749-471A-84AC-355AD4378777}.Debug|Any CPU.ActiveCfg = Debug|Any CPU
		{88F9FDF5-C749-471A-84AC-355AD4378777}.Debug|Any CPU.Build.0 = Debug|Any CPU
		{88F9FDF5-C749-471A-84AC-355AD4378777}.Release|Any CPU.ActiveCfg = Release|Any CPU
		{88F9FDF5-C749-471A-84AC-355AD4378777}.Release|Any CPU.Build.0 = Release|Any CPU
	EndGlobalSection
	GlobalSection(NestedProjects) = preSolution
		{3EBFB5C6-F43C-4E8A-A4C8-147808394D6E} = {D07C3359-783C-47E7-B84D-D8DB6B2E8206}
		{88F9FDF5-C749-471A-84AC-355AD4378777} = {19D82566-B97D-4593-9F3D-4B5F32920317}
	EndGlobalSection
EndGlobal
