# @generated - this file is auto-generated by `mise lock` https://mise.jdx.dev/dev-tools/mise-lock.html

[[tools.dotnet]]
version = "8.0.424"
backend = "core:dotnet"

[[tools."dotnet:fantomas"]]
version = "7.0.5"
backend = "dotnet:fantomas"

[[tools."dotnet:fsautocomplete"]]
version = "0.83.0"
backend = "dotnet:fsautocomplete"

[[tools."dotnet:paket"]]
version = "10.3.1"
backend = "dotnet:paket"
